// !$*UTF8*$!
{
	archiveVersion = 1;
	classes = {
	};
	objectVersion = 55;
	objects = {

/* Begin PBXBuildFile section */
		3F0EE2A9272FD9D500154737 /* AppDelegate.m in Sources */ = {isa = PBXBuildFile; fileRef = 3F0EE2A8272FD9D500154737 /* AppDelegate.m */; };
		3F0EE2AC272FD9D500154737 /* ViewController.m in Sources */ = {isa = PBXBuildFile; fileRef = 3F0EE2AB272FD9D500154737 /* ViewController.m */; };
		3F0EE2AE272FD9D700154737 /* Assets.xcassets in Resources */ = {isa = PBXBuildFile; fileRef = 3F0EE2AD272FD9D700154737 /* Assets.xcassets */; };
		3F0EE2B1272FD9D700154737 /* Main.storyboard in Resources */ = {isa = PBXBuildFile; fileRef = 3F0EE2AF272FD9D700154737 /* Main.storyboard */; };
		3F0EE2B3272FD9D700154737 /* main.m in Sources */ = {isa = PBXBuildFile; fileRef = 3F0EE2B2272FD9D700154737 /* main.m */; };
		3F0EE2BE272FD9D700154737 /* ljplayerTests.m in Sources */ = {isa = PBXBuildFile; fileRef = 3F0EE2BD272FD9D700154737 /* ljplayerTests.m */; };
		3F0EE2C8272FD9D700154737 /* ljplayerUITests.m in Sources */ = {isa = PBXBuildFile; fileRef = 3F0EE2C7272FD9D700154737 /* ljplayerUITests.m */; };
		3F0EE2CA272FD9D700154737 /* ljplayerUITestsLaunchTests.m in Sources */ = {isa = PBXBuildFile; fileRef = 3F0EE2C9272FD9D700154737 /* ljplayerUITestsLaunchTests.m */; };
/* End PBXBuildFile section */

/* Begin PBXContainerItemProxy section */
		3F0EE2BA272FD9D700154737 /* PBXContainerItemProxy */ = {
			isa = PBXContainerItemProxy;
			containerPortal = 3F0EE29C272FD9D500154737 /* Project object */;
			proxyType = 1;
			remoteGlobalIDString = 3F0EE2A3272FD9D500154737;
			remoteInfo = ljplayer;
		};
		3F0EE2C4272FD9D700154737 /* PBXContainerItemProxy */ = {
			isa = PBXContainerItemProxy;
			containerPortal = 3F0EE29C272FD9D500154737 /* Project object */;
			proxyType = 1;
			remoteGlobalIDString = 3F0EE2A3272FD9D500154737;
			remoteInfo = ljplayer;
		};
/* End PBXContainerItemProxy section */

/* Begin PBXFileReference section */
		3F0EE2A4272FD9D500154737 /* ljplayer.app */ = {isa = PBXFileReference; explicitFileType = wrapper.application; includeInIndex = 0; path = ljplayer.app; sourceTree = BUILT_PRODUCTS_DIR; };
		3F0EE2A7272FD9D500154737 /* AppDelegate.h */ = {isa = PBXFileReference; lastKnownFileType = sourcecode.c.h; path = AppDelegate.h; sourceTree = "<group>"; };
		3F0EE2A8272FD9D500154737 /* AppDelegate.m */ = {isa = PBXFileReference; lastKnownFileType = sourcecode.c.objc; path = AppDelegate.m; sourceTree = "<group>"; };
		3F0EE2AA272FD9D500154737 /* ViewController.h */ = {isa = PBXFileReference; lastKnownFileType = sourcecode.c.h; path = ViewController.h; sourceTree = "<group>"; };
		3F0EE2AB272FD9D500154737 /* ViewController.m */ = {isa = PBXFileReference; lastKnownFileType = sourcecode.c.objc; path = ViewController.m; sourceTree = "<group>"; };
		3F0EE2AD272FD9D700154737 /* Assets.xcassets */ = {isa = PBXFileReference; lastKnownFileType = folder.assetcatalog; path = Assets.xcassets; sourceTree = "<group>"; };
		3F0EE2B0272FD9D700154737 /* Base */ = {isa = PBXFileReference; lastKnownFileType = file.storyboard; name = Base; path = Base.lproj/Main.storyboard; sourceTree = "<group>"; };
		3F0EE2B2272FD9D700154737 /* main.m */ = {isa = PBXFileReference; lastKnownFileType = sourcecode.c.objc; path = main.m; sourceTree = "<group>"; };
		3F0EE2B4272FD9D700154737 /* ljplayer.entitlements */ = {isa = PBXFileReference; lastKnownFileType = text.plist.entitlements; path = ljplayer.entitlements; sourceTree = "<group>"; };
		3F0EE2B9272FD9D700154737 /* ljplayerTests.xctest */ = {isa = PBXFileReference; explicitFileType = wrapper.cfbundle; includeInIndex = 0; path = ljplayerTests.xctest; sourceTree = BUILT_PRODUCTS_DIR; };
		3F0EE2BD272FD9D700154737 /* ljplayerTests.m */ = {isa = PBXFileReference; lastKnownFileType = sourcecode.c.objc; path = ljplayerTests.m; sourceTree = "<group>"; };
		3F0EE2C3272FD9D700154737 /* ljplayerUITests.xctest */ = {isa = PBXFileReference; explicitFileType = wrapper.cfbundle; includeInIndex = 0; path = ljplayerUITests.xctest; sourceTree = BUILT_PRODUCTS_DIR; };
		3F0EE2C7272FD9D700154737 /* ljplayerUITests.m */ = {isa = PBXFileReference; lastKnownFileType = sourcecode.c.objc; path = ljplayerUITests.m; sourceTree = "<group>"; };
		3F0EE2C9272FD9D700154737 /* ljplayerUITestsLaunchTests.m */ = {isa = PBXFileReference; lastKnownFileType = sourcecode.c.objc; path = ljplayerUITestsLaunchTests.m; sourceTree = "<group>"; };
/* End PBXFileReference section */

/* Begin PBXFrameworksBuildPhase section */
		3F0EE2A1272FD9D500154737 /* Frameworks */ = {
			isa = PBXFrameworksBuildPhase;
			buildActionMask = 2147483647;
			files = (
			);
			runOnlyForDeploymentPostprocessing = 0;
		};
		3F0EE2B6272FD9D700154737 /* Frameworks */ = {
			isa = PBXFrameworksBuildPhase;
			buildActionMask = 2147483647;
			files = (
			);
			runOnlyForDeploymentPostprocessing = 0;
		};
		3F0EE2C0272FD9D700154737 /* Frameworks */ = {
			isa = PBXFrameworksBuildPhase;
			buildActionMask = 2147483647;
			files = (
			);
			runOnlyForDeploymentPostprocessing = 0;
		};
/* End PBXFrameworksBuildPhase section */

/* Begin PBXGroup section */
		3F0EE29B272FD9D500154737 = {
			isa = PBXGroup;
			children = (
				3F0EE2A6272FD9D500154737 /* ljplayer */,
				3F0EE2BC272FD9D700154737 /* ljplayerTests */,
				3F0EE2C6272FD9D700154737 /* ljplayerUITests */,
				3F0EE2A5272FD9D500154737 /* Products */,
			);
			sourceTree = "<group>";
		};
		3F0EE2A5272FD9D500154737 /* Products */ = {
			isa = PBXGroup;
			children = (
				3F0EE2A4272FD9D500154737 /* ljplayer.app */,
				3F0EE2B9272FD9D700154737 /* ljplayerTests.xctest */,
				3F0EE2C3272FD9D700154737 /* ljplayerUITests.xctest */,
			);
			name = Products;
			sourceTree = "<group>";
		};
		3F0EE2A6272FD9D500154737 /* ljplayer */ = {
			isa = PBXGroup;
			children = (
				3F0EE2A7272FD9D500154737 /* AppDelegate.h */,
				3F0EE2A8272FD9D500154737 /* AppDelegate.m */,
				3F0EE2AA272FD9D500154737 /* ViewController.h */,
				3F0EE2AB272FD9D500154737 /* ViewController.m */,
				3F0EE2AD272FD9D700154737 /* Assets.xcassets */,
				3F0EE2AF272FD9D700154737 /* Main.storyboard */,
				3F0EE2B2272FD9D700154737 /* main.m */,
				3F0EE2B4272FD9D700154737 /* ljplayer.entitlements */,
			);
			path = ljplayer;
			sourceTree = "<group>";
		};
		3F0EE2BC272FD9D700154737 /* ljplayerTests */ = {
			isa = PBXGroup;
			children = (
				3F0EE2BD272FD9D700154737 /* ljplayerTests.m */,
			);
			path = ljplayerTests;
			sourceTree = "<group>";
		};
		3F0EE2C6272FD9D700154737 /* ljplayerUITests */ = {
			isa = PBXGroup;
			children = (
				3F0EE2C7272FD9D700154737 /* ljplayerUITests.m */,
				3F0EE2C9272FD9D700154737 /* ljplayerUITestsLaunchTests.m */,
			);
			path = ljplayerUITests;
			sourceTree = "<group>";
		};
/* End PBXGroup section */

/* Begin PBXNativeTarget section */
		3F0EE2A3272FD9D500154737 /* ljplayer */ = {
			isa = PBXNativeTarget;
			buildConfigurationList = 3F0EE2CD272FD9D700154737 /* Build configuration list for PBXNativeTarget "ljplayer" */;
			buildPhases = (
				3F0EE2A0272FD9D500154737 /* Sources */,
				3F0EE2A1272FD9D500154737 /* Frameworks */,
				3F0EE2A2272FD9D500154737 /* Resources */,
			);
			buildRules = (
			);
			dependencies = (
			);
			name = ljplayer;
			productName = ljplayer;
			productReference = 3F0EE2A4272FD9D500154737 /* ljplayer.app */;
			productType = "com.apple.product-type.application";
		};
		3F0EE2B8272FD9D700154737 /* ljplayerTests */ = {
			isa = PBXNativeTarget;
			buildConfigurationList = 3F0EE2D0272FD9D700154737 /* Build configuration list for PBXNativeTarget "ljplayerTests" */;
			buildPhases = (
				3F0EE2B5272FD9D700154737 /* Sources */,
				3F0EE2B6272FD9D700154737 /* Frameworks */,
				3F0EE2B7272FD9D700154737 /* Resources */,
			);
			buildRules = (
			);
			dependencies = (
				3F0EE2BB272FD9D700154737 /* PBXTargetDependency */,
			);
			name = ljplayerTests;
			productName = ljplayerTests;
			productReference = 3F0EE2B9272FD9D700154737 /* ljplayerTests.xctest */;
			productType = "com.apple.product-type.bundle.unit-test";
		};
		3F0EE2C2272FD9D700154737 /* ljplayerUITests */ = {
			isa = PBXNativeTarget;
			buildConfigurationList = 3F0EE2D3272FD9D700154737 /* Build configuration list for PBXNativeTarget "ljplayerUITests" */;
			buildPhases = (
				3F0EE2BF272FD9D700154737 /* Sources */,
				3F0EE2C0272FD9D700154737 /* Frameworks */,
				3F0EE2C1272FD9D700154737 /* Resources */,
			);
			buildRules = (
			);
			dependencies = (
				3F0EE2C5272FD9D700154737 /* PBXTargetDependency */,
			);
			name = ljplayerUITests;
			productName = ljplayerUITests;
			productReference = 3F0EE2C3272FD9D700154737 /* ljplayerUITests.xctest */;
			productType = "com.apple.product-type.bundle.ui-testing";
		};
/* End PBXNativeTarget section */

/* Begin PBXProject section */
		3F0EE29C272FD9D500154737 /* Project object */ = {
			isa = PBXProject;
			attributes = {
				BuildIndependentTargetsInParallel = 1;
				LastUpgradeCheck = 1310;
				TargetAttributes = {
					3F0EE2A3272FD9D500154737 = {
						CreatedOnToolsVersion = 13.1;
					};
					3F0EE2B8272FD9D700154737 = {
						CreatedOnToolsVersion = 13.1;
						TestTargetID = 3F0EE2A3272FD9D500154737;
					};
					3F0EE2C2272FD9D700154737 = {
						CreatedOnToolsVersion = 13.1;
						TestTargetID = 3F0EE2A3272FD9D500154737;
					};
				};
			};
			buildConfigurationList = 3F0EE29F272FD9D500154737 /* Build configuration list for PBXProject "ljplayer" */;
			compatibilityVersion = "Xcode 13.0";
			developmentRegion = en;
			hasScannedForEncodings = 0;
			knownRegions = (
				en,
				Base,
			);
			mainGroup = 3F0EE29B272FD9D500154737;
			productRefGroup = 3F0EE2A5272FD9D500154737 /* Products */;
			projectDirPath = "";
			projectRoot = "";
			targets = (
				3F0EE2A3272FD9D500154737 /* ljplayer */,
				3F0EE2B8272FD9D700154737 /* ljplayerTests */,
				3F0EE2C2272FD9D700154737 /* ljplayerUITests */,
			);
		};
/* End PBXProject section */

/* Begin PBXResourcesBuildPhase section */
		3F0EE2A2272FD9D500154737 /* Resources */ = {
			isa = PBXResourcesBuildPhase;
			buildActionMask = 2147483647;
			files = (
				3F0EE2AE272FD9D700154737 /* Assets.xcassets in Resources */,
				3F0EE2B1272FD9D700154737 /* Main.storyboard in Resources */,
			);
			runOnlyForDeploymentPostprocessing = 0;
		};
		3F0EE2B7272FD9D700154737 /* Resources */ = {
			isa = PBXResourcesBuildPhase;
			buildActionMask = 2147483647;
			files = (
			);
			runOnlyForDeploymentPostprocessing = 0;
		};
		3F0EE2C1272FD9D700154737 /* Resources */ = {
			isa = PBXResourcesBuildPhase;
			buildActionMask = 2147483647;
			files = (
			);
			runOnlyForDeploymentPostprocessing = 0;
		};
/* End PBXResourcesBuildPhase section */

/* Begin PBXSourcesBuildPhase section */
		3F0EE2A0272FD9D500154737 /* Sources */ = {
			isa = PBXSourcesBuildPhase;
			buildActionMask = 2147483647;
			files = (
				3F0EE2AC272FD9D500154737 /* ViewController.m in Sources */,
				3F0EE2B3272FD9D700154737 /* main.m in Sources */,
				3F0EE2A9272FD9D500154737 /* AppDelegate.m in Sources */,
			);
			runOnlyForDeploymentPostprocessing = 0;
		};
		3F0EE2B5272FD9D700154737 /* Sources */ = {
			isa = PBXSourcesBuildPhase;
			buildActionMask = 2147483647;
			files = (
				3F0EE2BE272FD9D700154737 /* ljplayerTests.m in Sources */,
			);
			runOnlyForDeploymentPostprocessing = 0;
		};
		3F0EE2BF272FD9D700154737 /* Sources */ = {
			isa = PBXSourcesBuildPhase;
			buildActionMask = 2147483647;
			files = (
				3F0EE2C8272FD9D700154737 /* ljplayerUITests.m in Sources */,
				3F0EE2CA272FD9D700154737 /* ljplayerUITestsLaunchTests.m in Sources */,
			);
			runOnlyForDeploymentPostprocessing = 0;
		};
/* End PBXSourcesBuildPhase section */

/* Begin PBXTargetDependency section */
		3F0EE2BB272FD9D700154737 /* PBXTargetDependency */ = {
			isa = PBXTargetDependency;
			target = 3F0EE2A3272FD9D500154737 /* ljplayer */;
			targetProxy = 3F0EE2BA272FD9D700154737 /* PBXContainerItemProxy */;
		};
		3F0EE2C5272FD9D700154737 /* PBXTargetDependency */ = {
			isa = PBXTargetDependency;
			target = 3F0EE2A3272FD9D500154737 /* ljplayer */;
			targetProxy = 3F0EE2C4272FD9D700154737 /* PBXContainerItemProxy */;
		};
/* End PBXTargetDependency section */

/* Begin PBXVariantGroup section */
		3F0EE2AF272FD9D700154737 /* Main.storyboard */ = {
			isa = PBXVariantGroup;
			children = (
				3F0EE2B0272FD9D700154737 /* Base */,
			);
			name = Main.storyboard;
			sourceTree = "<group>";
		};
/* End PBXVariantGroup section */

/* Begin XCBuildConfiguration section */
		3F0EE2CB272FD9D700154737 /* Debug */ = {
			isa = XCBuildConfiguration;
			buildSettings = {
				ALWAYS_SEARCH_USER_PATHS = NO;
				CLANG_ANALYZER_NONNULL = YES;
				CLANG_ANALYZER_NUMBER_OBJECT_CONVERSION = YES_AGGRESSIVE;
				CLANG_CXX_LANGUAGE_STANDARD = "gnu++17";
				CLANG_CXX_LIBRARY = "libc++";
				CLANG_ENABLE_MODULES = YES;
				CLANG_ENABLE_OBJC_ARC = YES;
				CLANG_ENABLE_OBJC_WEAK = YES;
				CLANG_WARN_BLOCK_CAPTURE_AUTORELEASING = YES;
				CLANG_WARN_BOOL_CONVERSION = YES;
				CLANG_WARN_COMMA = YES;
				CLANG_WARN_CONSTANT_CONVERSION = YES;
				CLANG_WARN_DEPRECATED_OBJC_IMPLEMENTATIONS = YES;
				CLANG_WARN_DIRECT_OBJC_ISA_USAGE = YES_ERROR;
				CLANG_WARN_DOCUMENTATION_COMMENTS = YES;
				CLANG_WARN_EMPTY_BODY = YES;
				CLANG_WARN_ENUM_CONVERSION = YES;
				CLANG_WARN_INFINITE_RECURSION = YES;
				CLANG_WARN_INT_CONVERSION = YES;
				CLANG_WARN_NON_LITERAL_NULL_CONVERSION = YES;
				CLANG_WARN_OBJC_IMPLICIT_RETAIN_SELF = YES;
				CLANG_WARN_OBJC_LITERAL_CONVERSION = YES;
				CLANG_WARN_OBJC_ROOT_CLASS = YES_ERROR;
				CLANG_WARN_QUOTED_INCLUDE_IN_FRAMEWORK_HEADER = YES;
				CLANG_WARN_RANGE_LOOP_ANALYSIS = YES;
				CLANG_WARN_STRICT_PROTOTYPES = YES;
				CLANG_WARN_SUSPICIOUS_MOVE = YES;
				CLANG_WARN_UNGUARDED_AVAILABILITY = YES_AGGRESSIVE;
				CLANG_WARN_UNREACHABLE_CODE = YES;
				CLANG_WARN__DUPLICATE_METHOD_MATCH = YES;
				COPY_PHASE_STRIP = NO;
				DEBUG_INFORMATION_FORMAT = dwarf;
				ENABLE_STRICT_OBJC_MSGSEND = YES;
				ENABLE_TESTABILITY = YES;
				GCC_C_LANGUAGE_STANDARD = gnu11;
				GCC_DYNAMIC_NO_PIC = NO;
				GCC_NO_COMMON_BLOCKS = YES;
				GCC_OPTIMIZATION_LEVEL = 0;
				GCC_PREPROCESSOR_DEFINITIONS = (
					"DEBUG=1",
					"$(inherited)",
				);
				GCC_WARN_64_TO_32_BIT_CONVERSION = YES;
				GCC_WARN_ABOUT_RETURN_TYPE = YES_ERROR;
				GCC_WARN_UNDECLARED_SELECTOR = YES;
				GCC_WARN_UNINITIALIZED_AUTOS = YES_AGGRESSIVE;
				GCC_WARN_UNUSED_FUNCTION = YES;
				GCC_WARN_UNUSED_VARIABLE = YES;
				MACOSX_DEPLOYMENT_TARGET = 12.0;
				MTL_ENABLE_DEBUG_INFO = INCLUDE_SOURCE;
				MTL_FAST_MATH = YES;
				ONLY_ACTIVE_ARCH = YES;
				SDKROOT = macosx;
			};
			name = Debug;
		};
		3F0EE2CC272FD9D700154737 /* Release */ = {
			isa = XCBuildConfiguration;
			buildSettings = {
				ALWAYS_SEARCH_USER_PATHS = NO;
				CLANG_ANALYZER_NONNULL = YES;
				CLANG_ANALYZER_NUMBER_OBJECT_CONVERSION = YES_AGGRESSIVE;
				CLANG_CXX_LANGUAGE_STANDARD = "gnu++17";
				CLANG_CXX_LIBRARY = "libc++";
				CLANG_ENABLE_MODULES = YES;
				CLANG_ENABLE_OBJC_ARC = YES;
				CLANG_ENABLE_OBJC_WEAK = YES;
				CLANG_WARN_BLOCK_CAPTURE_AUTORELEASING = YES;
				CLANG_WARN_BOOL_CONVERSION = YES;
				CLANG_WARN_COMMA = YES;
				CLANG_WARN_CONSTANT_CONVERSION = YES;
				CLANG_WARN_DEPRECATED_OBJC_IMPLEMENTATIONS = YES;
				CLANG_WARN_DIRECT_OBJC_ISA_USAGE = YES_ERROR;
				CLANG_WARN_DOCUMENTATION_COMMENTS = YES;
				CLANG_WARN_EMPTY_BODY = YES;
				CLANG_WARN_ENUM_CONVERSION = YES;
				CLANG_WARN_INFINITE_RECURSION = YES;
				CLANG_WARN_INT_CONVERSION = YES;
				CLANG_WARN_NON_LITERAL_NULL_CONVERSION = YES;
				CLANG_WARN_OBJC_IMPLICIT_RETAIN_SELF = YES;
				CLANG_WARN_OBJC_LITERAL_CONVERSION = YES;
				CLANG_WARN_OBJC_ROOT_CLASS = YES_ERROR;
				CLANG_WARN_QUOTED_INCLUDE_IN_FRAMEWORK_HEADER = YES;
				CLANG_WARN_RANGE_LOOP_ANALYSIS = YES;
				CLANG_WARN_STRICT_PROTOTYPES = YES;
				CLANG_WARN_SUSPICIOUS_MOVE = YES;
				CLANG_WARN_UNGUARDED_AVAILABILITY = YES_AGGRESSIVE;
				CLANG_WARN_UNREACHABLE_CODE = YES;
				CLANG_WARN__DUPLICATE_METHOD_MATCH = YES;
				COPY_PHASE_STRIP = NO;
				DEBUG_INFORMATION_FORMAT = "dwarf-with-dsym";
				ENABLE_NS_ASSERTIONS = NO;
				ENABLE_STRICT_OBJC_MSGSEND = YES;
				GCC_C_LANGUAGE_STANDARD = gnu11;
				GCC_NO_COMMON_BLOCKS = YES;
				GCC_WARN_64_TO_32_BIT_CONVERSION = YES;
				GCC_WARN_ABOUT_RETURN_TYPE = YES_ERROR;
				GCC_WARN_UNDECLARED_SELECTOR = YES;
				GCC_WARN_UNINITIALIZED_AUTOS = YES_AGGRESSIVE;
				GCC_WARN_UNUSED_FUNCTION = YES;
				GCC_WARN_UNUSED_VARIABLE = YES;
				MACOSX_DEPLOYMENT_TARGET = 12.0;
				MTL_ENABLE_DEBUG_INFO = NO;
				MTL_FAST_MATH = YES;
				SDKROOT = macosx;
			};
			name = Release;
		};
		3F0EE2CE272FD9D700154737 /* Debug */ = {
			isa = XCBuildConfiguration;
			buildSettings = {
				ASSETCATALOG_COMPILER_APPICON_NAME = AppIcon;
				ASSETCATALOG_COMPILER_GLOBAL_ACCENT_COLOR_NAME = AccentColor;
				CODE_SIGN_ENTITLEMENTS = ljplayer/ljplayer.entitlements;
				CODE_SIGN_STYLE = Automatic;
				COMBINE_HIDPI_IMAGES = YES;
				CURRENT_PROJECT_VERSION = 1;
				GENERATE_INFOPLIST_FILE = YES;
				INFOPLIST_KEY_NSHumanReadableCopyright = "";
				INFOPLIST_KEY_NSMainStoryboardFile = Main;
				INFOPLIST_KEY_NSPrincipalClass = NSApplication;
				LD_RUNPATH_SEARCH_PATHS = (
					"$(inherited)",
					"@executable_path/../Frameworks",
				);
				MARKETING_VERSION = 1.0;
				PRODUCT_BUNDLE_IDENTIFIER = lj.com.ljplayer;
				PRODUCT_NAME = "$(TARGET_NAME)";
				SWIFT_EMIT_LOC_STRINGS = YES;
			};
			name = Debug;
		};
		3F0EE2CF272FD9D700154737 /* Release */ = {
			isa = XCBuildConfiguration;
			buildSettings = {
				ASSETCATALOG_COMPILER_APPICON_NAME = AppIcon;
				ASSETCATALOG_COMPILER_GLOBAL_ACCENT_COLOR_NAME = AccentColor;
				CODE_SIGN_ENTITLEMENTS = ljplayer/ljplayer.entitlements;
				CODE_SIGN_STYLE = Automatic;
				COMBINE_HIDPI_IMAGES = YES;
				CURRENT_PROJECT_VERSION = 1;
				GENERATE_INFOPLIST_FILE = YES;
				INFOPLIST_KEY_NSHumanReadableCopyright = "";
				INFOPLIST_KEY_NSMainStoryboardFile = Main;
				INFOPLIST_KEY_NSPrincipalClass = NSApplication;
				LD_RUNPATH_SEARCH_PATHS = (
					"$(inherited)",
					"@executable_path/../Frameworks",
				);
				MARKETING_VERSION = 1.0;
				PRODUCT_BUNDLE_IDENTIFIER = lj.com.ljplayer;
				PRODUCT_NAME = "$(TARGET_NAME)";
				SWIFT_EMIT_LOC_STRINGS = YES;
			};
			name = Release;
		};
		3F0EE2D1272FD9D700154737 /* Debug */ = {
			isa = XCBuildConfiguration;
			buildSettings = {
				BUNDLE_LOADER = "$(TEST_HOST)";
				CODE_SIGN_STYLE = Automatic;
				COMBINE_HIDPI_IMAGES = YES;
				CURRENT_PROJECT_VERSION = 1;
				GENERATE_INFOPLIST_FILE = YES;
				LD_RUNPATH_SEARCH_PATHS = (
					"$(inherited)",
					"@executable_path/../Frameworks",
					"@loader_path/../Frameworks",
				);
				MACOSX_DEPLOYMENT_TARGET = 12.0;
				MARKETING_VERSION = 1.0;
				PRODUCT_BUNDLE_IDENTIFIER = lj.com.ljplayerTests;
				PRODUCT_NAME = "$(TARGET_NAME)";
				SWIFT_EMIT_LOC_STRINGS = NO;
				TEST_HOST = "$(BUILT_PRODUCTS_DIR)/ljplayer.app/Contents/MacOS/ljplayer";
			};
			name = Debug;
		};
		3F0EE2D2272FD9D700154737 /* Release */ = {
			isa = XCBuildConfiguration;
			buildSettings = {
				BUNDLE_LOADER = "$(TEST_HOST)";
				CODE_SIGN_STYLE = Automatic;
				COMBINE_HIDPI_IMAGES = YES;
				CURRENT_PROJECT_VERSION = 1;
				GENERATE_INFOPLIST_FILE = YES;
				LD_RUNPATH_SEARCH_PATHS = (
					"$(inherited)",
					"@executable_path/../Frameworks",
					"@loader_path/../Frameworks",
				);
				MACOSX_DEPLOYMENT_TARGET = 12.0;
				MARKETING_VERSION = 1.0;
				PRODUCT_BUNDLE_IDENTIFIER = lj.com.ljplayerTests;
				PRODUCT_NAME = "$(TARGET_NAME)";
				SWIFT_EMIT_LOC_STRINGS = NO;
				TEST_HOST = "$(BUILT_PRODUCTS_DIR)/ljplayer.app/Contents/MacOS/ljplayer";
			};
			name = Release;
		};
		3F0EE2D4272FD9D700154737 /* Debug */ = {
			isa = XCBuildConfiguration;
			buildSettings = {
				CODE_SIGN_STYLE = Automatic;
				COMBINE_HIDPI_IMAGES = YES;
				CURRENT_PROJECT_VERSION = 1;
				GENERATE_INFOPLIST_FILE = YES;
				LD_RUNPATH_SEARCH_PATHS = (
					"$(inherited)",
					"@executable_path/../Frameworks",
					"@loader_path/../Frameworks",
				);
				MARKETING_VERSION = 1.0;
				PRODUCT_BUNDLE_IDENTIFIER = lj.com.ljplayerUITests;
				PRODUCT_NAME = "$(TARGET_NAME)";
				SWIFT_EMIT_LOC_STRINGS = NO;
				TEST_TARGET_NAME = ljplayer;
			};
			name = Debug;
		};
		3F0EE2D5272FD9D700154737 /* Release */ = {
			isa = XCBuildConfiguration;
			buildSettings = {
				CODE_SIGN_STYLE = Automatic;
				COMBINE_HIDPI_IMAGES = YES;
				CURRENT_PROJECT_VERSION = 1;
				GENERATE_INFOPLIST_FILE = YES;
				LD_RUNPATH_SEARCH_PATHS = (
					"$(inherited)",
					"@executable_path/../Frameworks",
					"@loader_path/../Frameworks",
				);
				MARKETING_VERSION = 1.0;
				PRODUCT_BUNDLE_IDENTIFIER = lj.com.ljplayerUITests;
				PRODUCT_NAME = "$(TARGET_NAME)";
				SWIFT_EMIT_LOC_STRINGS = NO;
				TEST_TARGET_NAME = ljplayer;
			};
			name = Release;
		};
/* End XCBuildConfiguration section */

/* Begin XCConfigurationList section */
		3F0EE29F272FD9D500154737 /* Build configuration list for PBXProject "ljplayer" */ = {
			isa = XCConfigurationList;
			buildConfigurations = (
				3F0EE2CB272FD9D700154737 /* Debug */,
				3F0EE2CC272FD9D700154737 /* Release */,
			);
			defaultConfigurationIsVisible = 0;
			defaultConfigurationName = Release;
		};
		3F0EE2CD272FD9D700154737 /* Build configuration list for PBXNativeTarget "ljplayer" */ = {
			isa = XCConfigurationList;
			buildConfigurations = (
				3F0EE2CE272FD9D700154737 /* Debug */,
				3F0EE2CF272FD9D700154737 /* Release */,
			);
			defaultConfigurationIsVisible = 0;
			defaultConfigurationName = Release;
		};
		3F0EE2D0272FD9D700154737 /* Build configuration list for PBXNativeTarget "ljplayerTests" */ = {
			isa = XCConfigurationList;
			buildConfigurations = (
				3F0EE2D1272FD9D700154737 /* Debug */,
				3F0EE2D2272FD9D700154737 /* Release */,
			);
			defaultConfigurationIsVisible = 0;
			defaultConfigurationName = Release;
		};
		3F0EE2D3272FD9D700154737 /* Build configuration list for PBXNativeTarget "ljplayerUITests" */ = {
			isa = XCConfigurationList;
			buildConfigurations = (
				3F0EE2D4272FD9D700154737 /* Debug */,
				3F0EE2D5272FD9D700154737 /* Release */,
			);
			defaultConfigurationIsVisible = 0;
			defaultConfigurationName = Release;
		};
/* End XCConfigurationList section */
	};
	rootObject = 3F0EE29C272FD9D500154737 /* Project object */;
}
